
Microsoft Visual Studio Solution File, Format Version 12.00
# Visual Studio 15
VisualStudioVersion = 15.0.26430.6
MinimumVisualStudioVersion = 10.0.40219.1
Project("{FAE04EC0-301F-11D3-BF4B-00C04F79EFBC}") = "SoMRandomizer", "SoMRandomizer\SoMRandomizer.csproj", "{1F611BF5-038E-4F9D-AE99-75CB5B17C17D}"
EndProject
Global
	GlobalSection(SolutionConfigurationPlatforms) = preSolution
		Debug|Any CPU = Debug|Any CPU
		Release|Any CPU = Release|Any CPU
	EndGlobalSection
	GlobalSection(ProjectConfigurationPlatforms) = postSolution
		{1F611BF5-038E-4F9D-AE99-75CB5B17C17D}.Debug|Any CPU.ActiveCfg = Debug|Any CPU
		{1F611BF5-038E-4F9D-AE99-75CB5B17C17D}.Debug|Any CPU.Build.0 = Debug|Any CPU
		{1F611BF5-038E-4F9D-AE99-75CB5B17C17D}.Release|Any CPU.ActiveCfg = Release|Any CPU
		{1F611BF5-038E-4F9D-AE99-75CB5B17C17D}.Release|Any CPU.Build.0 = Release|Any CPU
	EndGlobalSection
	GlobalSection(SolutionProperties) = preSolution
		HideSolutionNode = FALSE
	EndGlobalSection
	GlobalSection(ExtensibilityGlobals) = postSolution
		SolutionGuid = {5A1F9E0B-384B-4A45-8935-0C30DAA0FF3E}
	EndGlobalSection
EndGlobal
